
Microsoft Visual Studio Solution File, Format Version 12.00
# Visual Studio 14
VisualStudioVersion = 14.0.23107.0
MinimumVisualStudioVersion = 10.0.40219.1
Project("{FAE04EC0-301F-11D3-BF4B-00C04F79EFBC}") = "Sleepers", "Sleepers\Sleepers.csproj", "{0494C481-3CC3-4AC8-A511-0F430F5989F3}"
EndProject
Global
	GlobalSection(SolutionConfigurationPlatforms) = preSolution
		Debug|Any CPU = Debug|Any CPU
		Release|Any CPU = Release|Any CPU
	EndGlobalSection
	GlobalSection(ProjectConfigurationPlatforms) = postSolution
		{0494C481-3CC3-4AC8-A511-0F430F5989F3}.Debug|Any CPU.ActiveCfg = Debug|Any CPU
		{0494C481-3CC3-4AC8-A511-0F430F5989F3}.Debug|Any CPU.Build.0 = Debug|Any CPU
		{0494C481-3CC3-4AC8-A511-0F430F5989F3}.Release|Any CPU.ActiveCfg = Release|Any CPU
		{0494C481-3CC3-4AC8-A511-0F430F5989F3}.Release|Any CPU.Build.0 = Release|Any CPU
	EndGlobalSection
	GlobalSection(SolutionProperties) = preSolution
		HideSolutionNode = FALSE
	EndGlobalSection
EndGlobal
